
Microsoft Visual Studio Solution File, Format Version 12.00
# Visual Studio 15
VisualStudioVersion = 15.0.27130.2010
MinimumVisualStudioVersion = 10.0.40219.1
Project("{FAE04EC0-301F-11D3-BF4B-00C04F79EFBC}") = "TodoWebApi", "TodoWebApi\TodoWebApi.csproj", "{0F2279B1-084D-433E-87E2-16071C76D8DC}"
EndProject
Project("{2150E333-8FDC-42A3-9474-1A3956D46DE8}") = "Mobile Apps", "Mobile Apps", "{69747031-BA72-4530-BC1F-3A6C51CCDF1B}"
EndProject
Project("{FAE04EC0-301F-11D3-BF4B-00C04F79EFBC}") = "TodoApp.Android", "TodoApp\TodoApp.Android\TodoApp.Android.csproj", "{745A34E4-5F39-4E68-B90F-471C65E65879}"
EndProject
Project("{FAE04EC0-301F-11D3-BF4B-00C04F79EFBC}") = "TodoApp.iOS", "TodoApp\TodoApp.iOS\TodoApp.iOS.csproj", "{B1DAF2F1-AF43-4515-AA89-C763C9B2F725}"
EndProject
Project("{FAE04EC0-301F-11D3-BF4B-00C04F79EFBC}") = "TodoApp", "TodoApp\TodoApp\TodoApp.csproj", "{7B3AD706-F31D-485E-8E16-EFD08BDF9A45}"
EndProject
Global
	GlobalSection(SolutionConfigurationPlatforms) = preSolution
		Ad-Hoc|Any CPU = Ad-Hoc|Any CPU
		Ad-Hoc|iPhone = Ad-Hoc|iPhone
		Ad-Hoc|iPhoneSimulator = Ad-Hoc|iPhoneSimulator
		AppStore|Any CPU = AppStore|Any CPU
		AppStore|iPhone = AppStore|iPhone
		AppStore|iPhoneSimulator = AppStore|iPhoneSimulator
		Debug|Any CPU = Debug|Any CPU
		Debug|iPhone = Debug|iPhone
		Debug|iPhoneSimulator = Debug|iPhoneSimulator
		Release|Any CPU = Release|Any CPU
		Release|iPhone = Release|iPhone
		Release|iPhoneSimulator = Release|iPhoneSimulator
	EndGlobalSection
	GlobalSection(ProjectConfigurationPlatforms) = postSolution
		{0F2279B1-084D-433E-87E2-16071C76D8DC}.Ad-Hoc|Any CPU.ActiveCfg = Debug|Any CPU
		{0F2279B1-084D-433E-87E2-16071C76D8DC}.Ad-Hoc|Any CPU.Build.0 = Debug|Any CPU
		{0F2279B1-084D-433E-87E2-16071C76D8DC}.Ad-Hoc|iPhone.ActiveCfg = Debug|Any CPU
		{0F2279B1-084D-433E-87E2-16071C76D8DC}.Ad-Hoc|iPhone.Build.0 = Debug|Any CPU
		{0F2279B1-084D-433E-87E2-16071C76D8DC}.Ad-Hoc|iPhoneSimulator.ActiveCfg = Debug|Any CPU
		{0F2279B1-084D-433E-87E2-16071C76D8DC}.Ad-Hoc|iPhoneSimulator.Build.0 = Debug|Any CPU
		{0F2279B1-084D-433E-87E2-16071C76D8DC}.AppStore|Any CPU.ActiveCfg = Debug|Any CPU
		{0F2279B1-084D-433E-87E2-16071C76D8DC}.AppStore|Any CPU.Build.0 = Debug|Any CPU
		{0F2279B1-084D-433E-87E2-16071C76D8DC}.AppStore|iPhone.ActiveCfg = Debug|Any CPU
		{0F2279B1-084D-433E-87E2-16071C76D8DC}.AppStore|iPhone.Build.0 = Debug|Any CPU
		{0F2279B1-084D-433E-87E2-16071C76D8DC}.AppStore|iPhoneSimulator.ActiveCfg = Debug|Any CPU
		{0F2279B1-084D-433E-87E2-16071C76D8DC}.AppStore|iPhoneSimulator.Build.0 = Debug|Any CPU
		{0F2279B1-084D-433E-87E2-16071C76D8DC}.Debug|Any CPU.ActiveCfg = Debug|Any CPU
		{0F2279B1-084D-433E-87E2-16071C76D8DC}.Debug|Any CPU.Build.0 = Debug|Any CPU
		{0F2279B1-084D-433E-87E2-16071C76D8DC}.Debug|iPhone.ActiveCfg = Debug|Any CPU
		{0F2279B1-084D-433E-87E2-16071C76D8DC}.Debug|iPhone.Build.0 = Debug|Any CPU
		{0F2279B1-084D-433E-87E2-16071C76D8DC}.Debug|iPhoneSimulator.ActiveCfg = Debug|Any CPU
		{0F2279B1-084D-433E-87E2-16071C76D8DC}.Debug|iPhoneSimulator.Build.0 = Debug|Any CPU
		{0F2279B1-084D-433E-87E2-16071C76D8DC}.Release|Any CPU.ActiveCfg = Release|Any CPU
		{0F2279B1-084D-433E-87E2-16071C76D8DC}.Release|Any CPU.Build.0 = Release|Any CPU
		{0F2279B1-084D-433E-87E2-16071C76D8DC}.Release|iPhone.ActiveCfg = Release|Any CPU
		{0F2279B1-084D-433E-87E2-16071C76D8DC}.Release|iPhone.Build.0 = Release|Any CPU
		{0F2279B1-084D-433E-87E2-16071C76D8DC}.Release|iPhoneSimulator.ActiveCfg = Release|Any CPU
		{0F2279B1-084D-433E-87E2-16071C76D8DC}.Release|iPhoneSimulator.Build.0 = Release|Any CPU
		{745A34E4-5F39-4E68-B90F-471C65E65879}.Ad-Hoc|Any CPU.ActiveCfg = Release|Any CPU
		{745A34E4-5F39-4E68-B90F-471C65E65879}.Ad-Hoc|Any CPU.Build.0 = Release|Any CPU
		{745A34E4-5F39-4E68-B90F-471C65E65879}.Ad-Hoc|Any CPU.Deploy.0 = Release|Any CPU
		{745A34E4-5F39-4E68-B90F-471C65E65879}.Ad-Hoc|iPhone.ActiveCfg = Release|Any CPU
		{745A34E4-5F39-4E68-B90F-471C65E65879}.Ad-Hoc|iPhone.Build.0 = Release|Any CPU
		{745A34E4-5F39-4E68-B90F-471C65E65879}.Ad-Hoc|iPhone.Deploy.0 = Release|Any CPU
		{745A34E4-5F39-4E68-B90F-471C65E65879}.Ad-Hoc|iPhoneSimulator.ActiveCfg = Release|Any CPU
		{745A34E4-5F39-4E68-B90F-471C65E65879}.Ad-Hoc|iPhoneSimulator.Build.0 = Release|Any CPU
		{745A34E4-5F39-4E68-B90F-471C65E65879}.Ad-Hoc|iPhoneSimulator.Deploy.0 = Release|Any CPU
		{745A34E4-5F39-4E68-B90F-471C65E65879}.AppStore|Any CPU.ActiveCfg = Release|Any CPU
		{745A34E4-5F39-4E68-B90F-471C65E65879}.AppStore|Any CPU.Build.0 = Release|Any CPU
		{745A34E4-5F39-4E68-B90F-471C65E65879}.AppStore|Any CPU.Deploy.0 = Release|Any CPU
		{745A34E4-5F39-4E68-B90F-471C65E65879}.AppStore|iPhone.ActiveCfg = Release|Any CPU
		{745A34E4-5F39-4E68-B90F-471C65E65879}.AppStore|iPhone.Build.0 = Release|Any CPU
		{745A34E4-5F39-4E68-B90F-471C65E65879}.AppStore|iPhone.Deploy.0 = Release|Any CPU
		{745A34E4-5F39-4E68-B90F-471C65E65879}.AppStore|iPhoneSimulator.ActiveCfg = Release|Any CPU
		{745A34E4-5F39-4E68-B90F-471C65E65879}.AppStore|iPhoneSimulator.Build.0 = Release|Any CPU
		{745A34E4-5F39-4E68-B90F-471C65E65879}.AppStore|iPhoneSimulator.Deploy.0 = Release|Any CPU
		{745A34E4-5F39-4E68-B90F-471C65E65879}.Debug|Any CPU.ActiveCfg = Debug|Any CPU
		{745A34E4-5F39-4E68-B90F-471C65E65879}.Debug|Any CPU.Build.0 = Debug|Any CPU
		{745A34E4-5F39-4E68-B90F-471C65E65879}.Debug|Any CPU.Deploy.0 = Debug|Any CPU
		{745A34E4-5F39-4E68-B90F-471C65E65879}.Debug|iPhone.ActiveCfg = Debug|Any CPU
		{745A34E4-5F39-4E68-B90F-471C65E65879}.Debug|iPhone.Build.0 = Debug|Any CPU
		{745A34E4-5F39-4E68-B90F-471C65E65879}.Debug|iPhone.Deploy.0 = Debug|Any CPU
		{745A34E4-5F39-4E68-B90F-471C65E65879}.Debug|iPhoneSimulator.ActiveCfg = Debug|Any CPU
		{745A34E4-5F39-4E68-B90F-471C65E65879}.Debug|iPhoneSimulator.Build.0 = Debug|Any CPU
		{745A34E4-5F39-4E68-B90F-471C65E65879}.Debug|iPhoneSimulator.Deploy.0 = Debug|Any CPU
		{745A34E4-5F39-4E68-B90F-471C65E65879}.Release|Any CPU.ActiveCfg = Release|Any CPU
		{745A34E4-5F39-4E68-B90F-471C65E65879}.Release|Any CPU.Build.0 = Release|Any CPU
		{745A34E4-5F39-4E68-B90F-471C65E65879}.Release|Any CPU.Deploy.0 = Release|Any CPU
		{745A34E4-5F39-4E68-B90F-471C65E65879}.Release|iPhone.ActiveCfg = Release|Any CPU
		{745A34E4-5F39-4E68-B90F-471C65E65879}.Release|iPhone.Build.0 = Release|Any CPU
		{745A34E4-5F39-4E68-B90F-471C65E65879}.Release|iPhone.Deploy.0 = Release|Any CPU
		{745A34E4-5F39-4E68-B90F-471C65E65879}.Release|iPhoneSimulator.ActiveCfg = Release|Any CPU
		{745A34E4-5F39-4E68-B90F-471C65E65879}.Release|iPhoneSimulator.Build.0 = Release|Any CPU
		{745A34E4-5F39-4E68-B90F-471C65E65879}.Release|iPhoneSimulator.Deploy.0 = Release|Any CPU
		{B1DAF2F1-AF43-4515-AA89-C763C9B2F725}.Ad-Hoc|Any CPU.ActiveCfg = Ad-Hoc|iPhone
		{B1DAF2F1-AF43-4515-AA89-C763C9B2F725}.Ad-Hoc|iPhone.ActiveCfg = Ad-Hoc|iPhone
		{B1DAF2F1-AF43-4515-AA89-C763C9B2F725}.Ad-Hoc|iPhone.Build.0 = Ad-Hoc|iPhone
		{B1DAF2F1-AF43-4515-AA89-C763C9B2F725}.Ad-Hoc|iPhoneSimulator.ActiveCfg = Ad-Hoc|iPhoneSimulator
		{B1DAF2F1-AF43-4515-AA89-C763C9B2F725}.Ad-Hoc|iPhoneSimulator.Build.0 = Ad-Hoc|iPhoneSimulator
		{B1DAF2F1-AF43-4515-AA89-C763C9B2F725}.AppStore|Any CPU.ActiveCfg = AppStore|iPhone
		{B1DAF2F1-AF43-4515-AA89-C763C9B2F725}.AppStore|iPhone.ActiveCfg = AppStore|iPhone
		{B1DAF2F1-AF43-4515-AA89-C763C9B2F725}.AppStore|iPhone.Build.0 = AppStore|iPhone
		{B1DAF2F1-AF43-4515-AA89-C763C9B2F725}.AppStore|iPhoneSimulator.ActiveCfg = AppStore|iPhoneSimulator
		{B1DAF2F1-AF43-4515-AA89-C763C9B2F725}.AppStore|iPhoneSimulator.Build.0 = AppStore|iPhoneSimulator
		{B1DAF2F1-AF43-4515-AA89-C763C9B2F725}.Debug|Any CPU.ActiveCfg = Debug|iPhone
		{B1DAF2F1-AF43-4515-AA89-C763C9B2F725}.Debug|iPhone.ActiveCfg = Debug|iPhone
		{B1DAF2F1-AF43-4515-AA89-C763C9B2F725}.Debug|iPhone.Build.0 = Debug|iPhone
		{B1DAF2F1-AF43-4515-AA89-C763C9B2F725}.Debug|iPhoneSimulator.ActiveCfg = Debug|iPhoneSimulator
		{B1DAF2F1-AF43-4515-AA89-C763C9B2F725}.Debug|iPhoneSimulator.Build.0 = Debug|iPhoneSimulator
		{B1DAF2F1-AF43-4515-AA89-C763C9B2F725}.Release|Any CPU.ActiveCfg = Release|iPhone
		{B1DAF2F1-AF43-4515-AA89-C763C9B2F725}.Release|iPhone.ActiveCfg = Release|iPhone
		{B1DAF2F1-AF43-4515-AA89-C763C9B2F725}.Release|iPhone.Build.0 = Release|iPhone
		{B1DAF2F1-AF43-4515-AA89-C763C9B2F725}.Release|iPhoneSimulator.ActiveCfg = Release|iPhoneSimulator
		{B1DAF2F1-AF43-4515-AA89-C763C9B2F725}.Release|iPhoneSimulator.Build.0 = Release|iPhoneSimulator
		{7B3AD706-F31D-485E-8E16-EFD08BDF9A45}.Ad-Hoc|Any CPU.ActiveCfg = Debug|Any CPU
		{7B3AD706-F31D-485E-8E16-EFD08BDF9A45}.Ad-Hoc|Any CPU.Build.0 = Debug|Any CPU
		{7B3AD706-F31D-485E-8E16-EFD08BDF9A45}.Ad-Hoc|iPhone.ActiveCfg = Debug|Any CPU
		{7B3AD706-F31D-485E-8E16-EFD08BDF9A45}.Ad-Hoc|iPhone.Build.0 = Debug|Any CPU
		{7B3AD706-F31D-485E-8E16-EFD08BDF9A45}.Ad-Hoc|iPhoneSimulator.ActiveCfg = Debug|Any CPU
		{7B3AD706-F31D-485E-8E16-EFD08BDF9A45}.Ad-Hoc|iPhoneSimulator.Build.0 = Debug|Any CPU
		{7B3AD706-F31D-485E-8E16-EFD08BDF9A45}.AppStore|Any CPU.ActiveCfg = Debug|Any CPU
		{7B3AD706-F31D-485E-8E16-EFD08BDF9A45}.AppStore|Any CPU.Build.0 = Debug|Any CPU
		{7B3AD706-F31D-485E-8E16-EFD08BDF9A45}.AppStore|iPhone.ActiveCfg = Debug|Any CPU
		{7B3AD706-F31D-485E-8E16-EFD08BDF9A45}.AppStore|iPhone.Build.0 = Debug|Any CPU
		{7B3AD706-F31D-485E-8E16-EFD08BDF9A45}.AppStore|iPhoneSimulator.ActiveCfg = Debug|Any CPU
		{7B3AD706-F31D-485E-8E16-EFD08BDF9A45}.AppStore|iPhoneSimulator.Build.0 = Debug|Any CPU
		{7B3AD706-F31D-485E-8E16-EFD08BDF9A45}.Debug|Any CPU.ActiveCfg = Debug|Any CPU
		{7B3AD706-F31D-485E-8E16-EFD08BDF9A45}.Debug|Any CPU.Build.0 = Debug|Any CPU
		{7B3AD706-F31D-485E-8E16-EFD08BDF9A45}.Debug|iPhone.ActiveCfg = Debug|Any CPU
		{7B3AD706-F31D-485E-8E16-EFD08BDF9A45}.Debug|iPhone.Build.0 = Debug|Any CPU
		{7B3AD706-F31D-485E-8E16-EFD08BDF9A45}.Debug|iPhoneSimulator.ActiveCfg = Debug|Any CPU
		{7B3AD706-F31D-485E-8E16-EFD08BDF9A45}.Debug|iPhoneSimulator.Build.0 = Debug|Any CPU
		{7B3AD706-F31D-485E-8E16-EFD08BDF9A45}.Release|Any CPU.ActiveCfg = Release|Any CPU
		{7B3AD706-F31D-485E-8E16-EFD08BDF9A45}.Release|Any CPU.Build.0 = Release|Any CPU
		{7B3AD706-F31D-485E-8E16-EFD08BDF9A45}.Release|iPhone.ActiveCfg = Release|Any CPU
		{7B3AD706-F31D-485E-8E16-EFD08BDF9A45}.Release|iPhone.Build.0 = Release|Any CPU
		{7B3AD706-F31D-485E-8E16-EFD08BDF9A45}.Release|iPhoneSimulator.ActiveCfg = Release|Any CPU
		{7B3AD706-F31D-485E-8E16-EFD08BDF9A45}.Release|iPhoneSimulator.Build.0 = Release|Any CPU
	EndGlobalSection
	GlobalSection(SolutionProperties) = preSolution
		HideSolutionNode = FALSE
	EndGlobalSection
	GlobalSection(NestedProjects) = preSolution
		{745A34E4-5F39-4E68-B90F-471C65E65879} = {69747031-BA72-4530-BC1F-3A6C51CCDF1B}
		{B1DAF2F1-AF43-4515-AA89-C763C9B2F725} = {69747031-BA72-4530-BC1F-3A6C51CCDF1B}
		{7B3AD706-F31D-485E-8E16-EFD08BDF9A45} = {69747031-BA72-4530-BC1F-3A6C51CCDF1B}
	EndGlobalSection
	GlobalSection(ExtensibilityGlobals) = postSolution
		SolutionGuid = {63D80B92-77DE-477B-8B3D-C22C4BC3DE05}
	EndGlobalSection
EndGlobal
